
Microsoft Visual Studio Solution File, Format Version 12.00
# Visual Studio Version 17
VisualStudioVersion = 17.1.32210.238
MinimumVisualStudioVersion = 10.0.40219.1
Project("{9A19103F-16F7-4668-BE54-9A1E7A4F7556}") = "ADOPM3_07_01", "ADOPM3_07_01\ADOPM3_07_01.csproj", "{10C8D995-AB38-435C-88FB-7DFA11AB65A6}"
EndProject
Project("{9A19103F-16F7-4668-BE54-9A1E7A4F7556}") = "ADOPM3_07_02", "ADOPM3_07_02\ADOPM3_07_02.csproj", "{960301E7-52FE-4A14-B63D-E9B542E6FCA8}"
EndProject
Project("{9A19103F-16F7-4668-BE54-9A1E7A4F7556}") = "ADOPM3_07_03", "ADOPM3_07_03\ADOPM3_07_03.csproj", "{69753C6A-B79F-4BCC-9C03-37EA3FB92871}"
EndProject
Project("{9A19103F-16F7-4668-BE54-9A1E7A4F7556}") = "ADOPM3_07_04", "ADOPM3_07_04\ADOPM3_07_04.csproj", "{DDC24B5F-CEE7-49EB-B61B-DAB410D8FDCA}"
EndProject
Project("{9A19103F-16F7-4668-BE54-9A1E7A4F7556}") = "ADOPM3_07_05", "ADOPM3_07_05\ADOPM3_07_05.csproj", "{BE67B14B-1DF3-4C59-AC60-235AA394B604}"
EndProject
Project("{9A19103F-16F7-4668-BE54-9A1E7A4F7556}") = "ADOPM3_07_06", "ADOPM3_07_06\ADOPM3_07_06.csproj", "{564B5FFB-44CC-473C-8AE2-86F4829492F4}"
EndProject
Project("{FAE04EC0-301F-11D3-BF4B-00C04F79EFBC}") = "ADOPM3_07_07", "ADOPM3_07_07\ADOPM3_07_07.csproj", "{00F4FD0B-610D-4E88-A965-CCA8B166FC42}"
EndProject
Project("{9A19103F-16F7-4668-BE54-9A1E7A4F7556}") = "ADOPM3_07_08", "ADOPM3_07_08\ADOPM3_07_08.csproj", "{6221ABAB-663E-4563-B632-FE2ABB2EF73D}"
EndProject
Project("{9A19103F-16F7-4668-BE54-9A1E7A4F7556}") = "ADOPM3_07_09", "ADOPM3_07_09\ADOPM3_07_09.csproj", "{8F67A7F3-E979-4CFA-BAE0-5809CD10A837}"
EndProject
Project("{FAE04EC0-301F-11D3-BF4B-00C04F79EFBC}") = "ADOPM3_07_10", "ADOPM3_07_10\ADOPM3_07_10.csproj", "{9F74D477-25A4-4702-96D0-C29892A9AEDC}"
EndProject
Global
	GlobalSection(SolutionConfigurationPlatforms) = preSolution
		Debug|Any CPU = Debug|Any CPU
		Release|Any CPU = Release|Any CPU
	EndGlobalSection
	GlobalSection(ProjectConfigurationPlatforms) = postSolution
		{10C8D995-AB38-435C-88FB-7DFA11AB65A6}.Debug|Any CPU.ActiveCfg = Debug|Any CPU
		{10C8D995-AB38-435C-88FB-7DFA11AB65A6}.Debug|Any CPU.Build.0 = Debug|Any CPU
		{10C8D995-AB38-435C-88FB-7DFA11AB65A6}.Release|Any CPU.ActiveCfg = Release|Any CPU
		{10C8D995-AB38-435C-88FB-7DFA11AB65A6}.Release|Any CPU.Build.0 = Release|Any CPU
		{960301E7-52FE-4A14-B63D-E9B542E6FCA8}.Debug|Any CPU.ActiveCfg = Debug|Any CPU
		{960301E7-52FE-4A14-B63D-E9B542E6FCA8}.Debug|Any CPU.Build.0 = Debug|Any CPU
		{960301E7-52FE-4A14-B63D-E9B542E6FCA8}.Release|Any CPU.ActiveCfg = Release|Any CPU
		{960301E7-52FE-4A14-B63D-E9B542E6FCA8}.Release|Any CPU.Build.0 = Release|Any CPU
		{69753C6A-B79F-4BCC-9C03-37EA3FB92871}.Debug|Any CPU.ActiveCfg = Debug|Any CPU
		{69753C6A-B79F-4BCC-9C03-37EA3FB92871}.Debug|Any CPU.Build.0 = Debug|Any CPU
		{69753C6A-B79F-4BCC-9C03-37EA3FB92871}.Release|Any CPU.ActiveCfg = Release|Any CPU
		{69753C6A-B79F-4BCC-9C03-37EA3FB92871}.Release|Any CPU.Build.0 = Release|Any CPU
		{DDC24B5F-CEE7-49EB-B61B-DAB410D8FDCA}.Debug|Any CPU.ActiveCfg = Debug|Any CPU
		{DDC24B5F-CEE7-49EB-B61B-DAB410D8FDCA}.Debug|Any CPU.Build.0 = Debug|Any CPU
		{DDC24B5F-CEE7-49EB-B61B-DAB410D8FDCA}.Release|Any CPU.ActiveCfg = Release|Any CPU
		{DDC24B5F-CEE7-49EB-B61B-DAB410D8FDCA}.Release|Any CPU.Build.0 = Release|Any CPU
		{BE67B14B-1DF3-4C59-AC60-235AA394B604}.Debug|Any CPU.ActiveCfg = Debug|Any CPU
		{BE67B14B-1DF3-4C59-AC60-235AA394B604}.Debug|Any CPU.Build.0 = Debug|Any CPU
		{BE67B14B-1DF3-4C59-AC60-235AA394B604}.Release|Any CPU.ActiveCfg = Release|Any CPU
		{BE67B14B-1DF3-4C59-AC60-235AA394B604}.Release|Any CPU.Build.0 = Release|Any CPU
		{564B5FFB-44CC-473C-8AE2-86F4829492F4}.Debug|Any CPU.ActiveCfg = Debug|Any CPU
		{564B5FFB-44CC-473C-8AE2-86F4829492F4}.Debug|Any CPU.Build.0 = Debug|Any CPU
		{564B5FFB-44CC-473C-8AE2-86F4829492F4}.Release|Any CPU.ActiveCfg = Release|Any CPU
		{564B5FFB-44CC-473C-8AE2-86F4829492F4}.Release|Any CPU.Build.0 = Release|Any CPU
		{00F4FD0B-610D-4E88-A965-CCA8B166FC42}.Debug|Any CPU.ActiveCfg = Debug|Any CPU
		{00F4FD0B-610D-4E88-A965-CCA8B166FC42}.Debug|Any CPU.Build.0 = Debug|Any CPU
		{00F4FD0B-610D-4E88-A965-CCA8B166FC42}.Release|Any CPU.ActiveCfg = Release|Any CPU
		{00F4FD0B-610D-4E88-A965-CCA8B166FC42}.Release|Any CPU.Build.0 = Release|Any CPU
		{6221ABAB-663E-4563-B632-FE2ABB2EF73D}.Debug|Any CPU.ActiveCfg = Debug|Any CPU
		{6221ABAB-663E-4563-B632-FE2ABB2EF73D}.Debug|Any CPU.Build.0 = Debug|Any CPU
		{6221ABAB-663E-4563-B632-FE2ABB2EF73D}.Release|Any CPU.ActiveCfg = Release|Any CPU
		{6221ABAB-663E-4563-B632-FE2ABB2EF73D}.Release|Any CPU.Build.0 = Release|Any CPU
		{8F67A7F3-E979-4CFA-BAE0-5809CD10A837}.Debug|Any CPU.ActiveCfg = Debug|Any CPU
		{8F67A7F3-E979-4CFA-BAE0-5809CD10A837}.Debug|Any CPU.Build.0 = Debug|Any CPU
		{8F67A7F3-E979-4CFA-BAE0-5809CD10A837}.Release|Any CPU.ActiveCfg = Release|Any CPU
		{8F67A7F3-E979-4CFA-BAE0-5809CD10A837}.Release|Any CPU.Build.0 = Release|Any CPU
		{9F74D477-25A4-4702-96D0-C29892A9AEDC}.Debug|Any CPU.ActiveCfg = Debug|Any CPU
		{9F74D477-25A4-4702-96D0-C29892A9AEDC}.Debug|Any CPU.Build.0 = Debug|Any CPU
		{9F74D477-25A4-4702-96D0-C29892A9AEDC}.Release|Any CPU.ActiveCfg = Release|Any CPU
		{9F74D477-25A4-4702-96D0-C29892A9AEDC}.Release|Any CPU.Build.0 = Release|Any CPU
	EndGlobalSection
	GlobalSection(SolutionProperties) = preSolution
		HideSolutionNode = FALSE
	EndGlobalSection
	GlobalSection(ExtensibilityGlobals) = postSolution
		SolutionGuid = {4DB33A79-F76C-488E-A419-85B540892D2A}
	EndGlobalSection
EndGlobal
